{
    "requires": true,
    "lockfileVersion": 1,
    "dependencies": {
        "@splidejs/splide": {
            "version": "3.6.9",
            "resolved": "https://registry.npmjs.org/@splidejs/splide/-/splide-3.6.9.tgz",
            "integrity": "sha512-uQXmn0NUrlOhBCYJ8Qy4ZbCOu/fY7nTkEQUIjoKpuY10UJu1pddHquI/pmMCh/oIjhxDQFVd7TnDMq5m7JDdZA=="
        }
    }
}
