{
    "requires": true,
    "lockfileVersion": 1,
    "dependencies": {
        "@splidejs/splide": {
            "version": "3.6.8",
            "resolved": "https://registry.npmjs.org/@splidejs/splide/-/splide-3.6.8.tgz",
            "integrity": "sha512-RKUvNDi/ZJUJ9KybEla6E5SeL84pbdUu54XyO7I7qsnmMSL2w7t5Or0i5RyzlrU0At6OS/q2P0F5cbD3PNs70g=="
        }
    }
}
